# This file is automatically @generated by Poetry 1.8.4 and should not be changed by hand.

[[package]]
name = "attrs"
version = "18.2.0"
description = "Classes Without Boilerplate"
optional = false
python-versions = "*"
files = [
    {file = "attrs-18.2.0-py2.py3-none-any.whl", hash = "sha256:ca4be454458f9dec299268d472aaa5a11f67a4ff70093396e1ceae9c76cf4bbb"},
    {file = "attrs-18.2.0.tar.gz", hash = "sha256:10cbf6e27dbce8c30807caf056c8eb50917e0eaafe86347671b57254006c3e69"},
]

[package.extras]
dev = ["coverage", "hypothesis", "pre-commit", "pympler", "pytest", "six", "sphinx", "zope.interface", "zope.interface"]
docs = ["sphinx", "zope.interface"]
tests = ["coverage", "hypothesis", "pympler", "pytest", "six", "zope.interface"]

[[package]]
name = "pdflatex"
version = "0.1.3"
description = "Simple wrapper to calling pdflatex"
optional = false
python-versions = ">=3.6,<4.0"
files = [
    {file = "pdflatex-0.1.3-py3-none-any.whl", hash = "sha256:0e22bf240dd2dc2dd348686e5d259ff00af9ccc8bb1db481c38d03f29184e56e"},
    {file = "pdflatex-0.1.3.tar.gz", hash = "sha256:b8109ff5a5b813e15d6a9e05b4c4c1ae3893b407ad1f8567ef5b89ec37a7aed5"},
]

[package.dependencies]
attrs = ">=18.2,<19.0"

[metadata]
lock-version = "2.0"
python-versions = "^3.10"
content-hash = "426bff4ec2b06f78c43a02ba76e1307102c6a2fe57f04f5e40730fc8d856119f"
